# Generated by move; do not edit
# This file should be checked in.

[move]
version = 3
manifest_digest = "B153E07850EC7C7BD445C2B37390A7926AD3C299ADED88E38D8F0BB1E8393219"
deps_digest = "F8BBB0CCB2491CA29A3DF03D6F92277A4F3574266507ACD77214D37ECA3F3082"
dependencies = [
  { id = "Sui", name = "Sui" },
]

[[move.package]]
id = "MoveStdlib"
source = { git = "https://github.com/MystenLabs/sui.git", rev = "testnet-v1.61.2", subdir = "crates/sui-framework/packages/move-stdlib" }

[[move.package]]
id = "Sui"
source = { git = "https://github.com/MystenLabs/sui.git", rev = "testnet-v1.61.2", subdir = "crates/sui-framework/packages/sui-framework" }

dependencies = [
  { id = "MoveStdlib", name = "MoveStdlib" },
]

[move.toolchain-version]
compiler-version = "1.61.2"
edition = "2024.beta"
flavor = "sui"

[pinned.testnet.MoveStdlib]
source = { git = "https://github.com/MystenLabs/sui.git", subdir = "crates/sui-framework/packages/move-stdlib", rev = "6c229fe6c04fb21ec98751c798e57e9a00e028e2" }
use_environment = "testnet"
manifest_digest = "C4FE4C91DE74CBF223B2E380AE40F592177D21870DC2D7EB6227D2D694E05363"
deps = {}

[pinned.testnet.Sui]
source = { git = "https://github.com/MystenLabs/sui.git", subdir = "crates/sui-framework/packages/sui-framework", rev = "6c229fe6c04fb21ec98751c798e57e9a00e028e2" }
use_environment = "testnet"
manifest_digest = "7AFB66695545775FBFBB2D3078ADFD084244D5002392E837FDE21D9EA1C6D01C"
deps = { MoveStdlib = "MoveStdlib" }

[pinned.testnet.seal_testnet]
source = { root = true }
use_environment = "testnet"
manifest_digest = "65066A1AFA6718772BD68F6AFE27843F2371E14C4CF891FC7DADDFA586DABF89"
deps = { Sui = "Sui" }

[env]

[env.testnet]
chain-id = "4c78adac"
original-published-id = "0xa68327518141e272b10b11a2fc71206d56af9ecf1a86e757907823e31127cc08"
latest-published-id = "0xa68327518141e272b10b11a2fc71206d56af9ecf1a86e757907823e31127cc08"
published-version = "1"
